
Microsoft Visual Studio Solution File, Format Version 12.00
# Visual Studio Version 17
VisualStudioVersion = 17.2.32630.192
MinimumVisualStudioVersion = 10.0.40219.1
Project("{FAE04EC0-301F-11D3-BF4B-00C04F79EFBC}") = "ThanksgivingWithTypes", "ThanksgivingWithTypes\ThanksgivingWithTypes.csproj", "{2C207FA1-C5FE-41B0-9609-7A4CA313379F}"
EndProject
Global
	GlobalSection(SolutionConfigurationPlatforms) = preSolution
		Debug|Any CPU = Debug|Any CPU
		Release|Any CPU = Release|Any CPU
	EndGlobalSection
	GlobalSection(ProjectConfigurationPlatforms) = postSolution
		{2C207FA1-C5FE-41B0-9609-7A4CA313379F}.Debug|Any CPU.ActiveCfg = Debug|Any CPU
		{2C207FA1-C5FE-41B0-9609-7A4CA313379F}.Debug|Any CPU.Build.0 = Debug|Any CPU
		{2C207FA1-C5FE-41B0-9609-7A4CA313379F}.Release|Any CPU.ActiveCfg = Release|Any CPU
		{2C207FA1-C5FE-41B0-9609-7A4CA313379F}.Release|Any CPU.Build.0 = Release|Any CPU
	EndGlobalSection
	GlobalSection(SolutionProperties) = preSolution
		HideSolutionNode = FALSE
	EndGlobalSection
	GlobalSection(ExtensibilityGlobals) = postSolution
		SolutionGuid = {BA69BC72-66DC-48B2-B87C-22E20F4CC00F}
	EndGlobalSection
EndGlobal
